<Solution>
  <Project Path="Ticketing.Auth/Ticketing.Auth.csproj" />
  <Project Path="Ticketing.Chatbot/Ticketing.Chatbot.csproj" />
  <Project Path="Ticketing.DataAccess.Abstractions/Ticketing.DataAccess.Abstractions.csproj" />
  <Project Path="Ticketing.DataAccess/Ticketing.DataAccess.csproj" />
  <Project Path="Ticketing.Domain/Ticketing.Domain.csproj" />
  <Project Path="Ticketing.Messaging.Abstractions/Ticketing.Messaging.Abstractions.csproj" />
  <Project Path="Ticketing.Messaging.ServiceBus/Ticketing.Messaging.ServiceBus.csproj" />
  <Project Path="Ticketing.TriageAgent/Ticketing.TriageAgent.csproj" />
  <Project Path="Ticketing.Web/Ticketing.Web.csproj" />
  <Project Path="Ticketing.ServiceDefaults/Ticketing.ServiceDefaults.csproj" />
  <Project Path="Ticketing.AppHost/Ticketing.AppHost.csproj" />
  <Project Path="Ticketing.PurchasingAgent/Ticketing.PurchasingAgent.csproj" />
  <Project Path="Ticketing.FulfillmentAgent/Ticketing.FulfillmentAgent.csproj" />
  <Project Path="Ticketing.VendorMock/Ticketing.VendorMock.csproj" />
</Solution>
