<Solution>
  <Project Path="Ticketing.DataAccess.Abstractions/Ticketing.DataAccess.Abstractions.csproj" />
  <Project Path="Ticketing.DataAccess/Ticketing.DataAccess.csproj" />
  <Project Path="Ticketing.Domain/Ticketing.Domain.csproj" />
  <Project Path="Ticketing.Web/Ticketing.Web.csproj" />
</Solution>
